# THIS IS AN AUTOGENERATED FILE. DO NOT EDIT THIS FILE DIRECTLY.
# yarn lockfile v1


"@mediapipe/camera_utils@^0.3.1640029074":
  version "0.3.1640029074"
  resolved "https://registry.yarnpkg.com/@mediapipe/camera_utils/-/camera_utils-0.3.1640029074.tgz#f8b50a2c0bf6a5f4d8cff0524ed71887c4639280"
  integrity sha512-jRV/Mp2lgqNYT68TeVRu/Xq+ptZO9F9vCjxzQsA3VM2r7oXg0TrnfO9De2KKOUTpt0p28dKHs625J8GdWjha8A==

"@mediapipe/holistic@^0.5.1635989137":
  version "0.5.1635989137"
  resolved "https://registry.yarnpkg.com/@mediapipe/holistic/-/holistic-0.5.1635989137.tgz#68a2af45056f1f9bfa9bcf8a5b28a66a0ec56161"
  integrity sha512-iY1bOZ4QUR1jBwJzmaQI6u3BZLYfOTAdj2S8EgXPp/ngGtcyNN3oaVH3eTGUBzYsBd/MXG1RmDzBPd9e9DyKJw==
